# THIS IS AN AUTOGENERATED FILE. DO NOT EDIT THIS FILE DIRECTLY.
# yarn lockfile v1


bs-platform@^2.1.0:
  version "2.2.2"
  resolved "https://registry.yarnpkg.com/bs-platform/-/bs-platform-2.2.2.tgz#95ff37719771bbf310e8376fedd1148865c0da19"

zen-observable@^0.8.6:
  version "0.8.6"
  resolved "https://registry.yarnpkg.com/zen-observable/-/zen-observable-0.8.6.tgz#e2419311497019419d7bb56d8f6a56356a607272"
