# THIS IS AN AUTOGENERATED FILE. DO NOT EDIT THIS FILE DIRECTLY.
# yarn lockfile v1


"@types/node@^9.4.6":
  version "9.4.6"
  resolved "https://registry.yarnpkg.com/@types/node/-/node-9.4.6.tgz#d8176d864ee48753d053783e4e463aec86b8d82e"

apollo-link-http-common@^0.2.2:
  version "0.2.2"
  resolved "https://registry.yarnpkg.com/apollo-link-http-common/-/apollo-link-http-common-0.2.2.tgz#ac8a1810eca6a7ed37a34baeeb0a55752e6a0e30"
  dependencies:
    apollo-link "^1.2.1"

apollo-link-http@^1.5.2:
  version "1.5.2"
  resolved "https://registry.yarnpkg.com/apollo-link-http/-/apollo-link-http-1.5.2.tgz#cac4202b7f802869f892397f989d002c4ebb3b56"
  dependencies:
    apollo-link "^1.2.1"
    apollo-link-http-common "^0.2.2"

apollo-link@^1.2.1:
  version "1.2.1"
  resolved "https://registry.yarnpkg.com/apollo-link/-/apollo-link-1.2.1.tgz#c120b16059f9bd93401b9f72b94d2f80f3f305d2"
  dependencies:
    "@types/node" "^9.4.6"
    apollo-utilities "^1.0.0"
    zen-observable-ts "^0.8.6"

apollo-utilities@^1.0.0:
  version "1.0.8"
  resolved "https://registry.yarnpkg.com/apollo-utilities/-/apollo-utilities-1.0.8.tgz#74d797d38953d2ba35e16f880326e2abcbc8b016"

bs-platform@^2.1.0:
  version "2.2.2"
  resolved "https://registry.yarnpkg.com/bs-platform/-/bs-platform-2.2.2.tgz#95ff37719771bbf310e8376fedd1148865c0da19"

graphql@^0.13.1:
  version "0.13.1"
  resolved "https://registry.yarnpkg.com/graphql/-/graphql-0.13.1.tgz#9b3db3d8e40d1827e4172404bfdd2e4e17a58b55"
  dependencies:
    iterall "^1.2.0"

iterall@^1.2.0:
  version "1.2.2"
  resolved "https://registry.yarnpkg.com/iterall/-/iterall-1.2.2.tgz#92d70deb8028e0c39ff3164fdbf4d8b088130cd7"

zen-observable-ts@^0.8.6:
  version "0.8.8"
  resolved "https://registry.yarnpkg.com/zen-observable-ts/-/zen-observable-ts-0.8.8.tgz#1a586dc204fa5632a88057f879500e0d2ba06869"
  dependencies:
    zen-observable "^0.7.0"

zen-observable@^0.7.0:
  version "0.7.1"
  resolved "https://registry.yarnpkg.com/zen-observable/-/zen-observable-0.7.1.tgz#f84075c0ee085594d3566e1d6454207f126411b3"
